
Microsoft Visual Studio Solution File, Format Version 12.00
# Visual Studio Version 17
VisualStudioVersion = 17.4.33205.214
MinimumVisualStudioVersion = 10.0.40219.1
Project("{FAE04EC0-301F-11D3-BF4B-00C04F79EFBC}") = "DevOpsAssign", "DevOpsAssign\DevOpsAssign.csproj", "{CF597864-6C1D-4495-82E8-0DB190DF102E}"
EndProject
Global
	GlobalSection(SolutionConfigurationPlatforms) = preSolution
		Debug|Any CPU = Debug|Any CPU
		Release|Any CPU = Release|Any CPU
	EndGlobalSection
	GlobalSection(ProjectConfigurationPlatforms) = postSolution
		{CF597864-6C1D-4495-82E8-0DB190DF102E}.Debug|Any CPU.ActiveCfg = Debug|Any CPU
		{CF597864-6C1D-4495-82E8-0DB190DF102E}.Debug|Any CPU.Build.0 = Debug|Any CPU
		{CF597864-6C1D-4495-82E8-0DB190DF102E}.Release|Any CPU.ActiveCfg = Release|Any CPU
		{CF597864-6C1D-4495-82E8-0DB190DF102E}.Release|Any CPU.Build.0 = Release|Any CPU
	EndGlobalSection
	GlobalSection(SolutionProperties) = preSolution
		HideSolutionNode = FALSE
	EndGlobalSection
	GlobalSection(ExtensibilityGlobals) = postSolution
		SolutionGuid = {112B1DBB-7B42-47B7-9311-D51BD4056229}
	EndGlobalSection
EndGlobal
